
Microsoft Visual Studio Solution File, Format Version 12.00
# Visual Studio Version 16
VisualStudioVersion = 16.0.30717.126
MinimumVisualStudioVersion = 10.0.40219.1
Project("{8BC9CEB8-8B4A-11D0-8D11-00A0C91BC942}") = "Shape", "Shape.vcxproj", "{EC0B4936-D602-437B-A0EB-A83D3C6CA8FE}"
EndProject
Global
	GlobalSection(SolutionConfigurationPlatforms) = preSolution
		Debug|x64 = Debug|x64
		Debug|x86 = Debug|x86
		Release|x64 = Release|x64
		Release|x86 = Release|x86
	EndGlobalSection
	GlobalSection(ProjectConfigurationPlatforms) = postSolution
		{EC0B4936-D602-437B-A0EB-A83D3C6CA8FE}.Debug|x64.ActiveCfg = Debug|x64
		{EC0B4936-D602-437B-A0EB-A83D3C6CA8FE}.Debug|x64.Build.0 = Debug|x64
		{EC0B4936-D602-437B-A0EB-A83D3C6CA8FE}.Debug|x86.ActiveCfg = Debug|Win32
		{EC0B4936-D602-437B-A0EB-A83D3C6CA8FE}.Debug|x86.Build.0 = Debug|Win32
		{EC0B4936-D602-437B-A0EB-A83D3C6CA8FE}.Release|x64.ActiveCfg = Release|x64
		{EC0B4936-D602-437B-A0EB-A83D3C6CA8FE}.Release|x64.Build.0 = Release|x64
		{EC0B4936-D602-437B-A0EB-A83D3C6CA8FE}.Release|x86.ActiveCfg = Release|Win32
		{EC0B4936-D602-437B-A0EB-A83D3C6CA8FE}.Release|x86.Build.0 = Release|Win32
	EndGlobalSection
	GlobalSection(SolutionProperties) = preSolution
		HideSolutionNode = FALSE
	EndGlobalSection
	GlobalSection(ExtensibilityGlobals) = postSolution
		SolutionGuid = {9D8C39B4-3E2D-4B6E-A923-BA4F900161DF}
	EndGlobalSection
EndGlobal
